
Microsoft Visual Studio Solution File, Format Version 12.00
# Visual Studio Version 16
VisualStudioVersion = 16.0.31424.327
MinimumVisualStudioVersion = 10.0.40219.1
Project("{FAE04EC0-301F-11D3-BF4B-00C04F79EFBC}") = "FormularioStackPanel", "FormularioStackPanel\FormularioStackPanel.csproj", "{3E37034E-F131-4791-8C6F-1C64F53C47DD}"
EndProject
Global
	GlobalSection(SolutionConfigurationPlatforms) = preSolution
		Debug|Any CPU = Debug|Any CPU
		Release|Any CPU = Release|Any CPU
	EndGlobalSection
	GlobalSection(ProjectConfigurationPlatforms) = postSolution
		{3E37034E-F131-4791-8C6F-1C64F53C47DD}.Debug|Any CPU.ActiveCfg = Debug|Any CPU
		{3E37034E-F131-4791-8C6F-1C64F53C47DD}.Debug|Any CPU.Build.0 = Debug|Any CPU
		{3E37034E-F131-4791-8C6F-1C64F53C47DD}.Release|Any CPU.ActiveCfg = Release|Any CPU
		{3E37034E-F131-4791-8C6F-1C64F53C47DD}.Release|Any CPU.Build.0 = Release|Any CPU
	EndGlobalSection
	GlobalSection(SolutionProperties) = preSolution
		HideSolutionNode = FALSE
	EndGlobalSection
	GlobalSection(ExtensibilityGlobals) = postSolution
		SolutionGuid = {27C683BA-C87F-48C7-89B6-052FCB3EE7D6}
	EndGlobalSection
EndGlobal
